
Microsoft Visual Studio Solution File, Format Version 12.00
# Visual Studio Version 17
VisualStudioVersion = 17.11.35327.3
MinimumVisualStudioVersion = 10.0.40219.1
Project("{FAE04EC0-301F-11D3-BF4B-00C04F79EFBC}") = "UnitConverter", "UnitConverter\UnitConverter.csproj", "{EDF4BFB6-8137-4529-9DDB-F3E181DD685B}"
EndProject
Global
	GlobalSection(SolutionConfigurationPlatforms) = preSolution
		Debug|Any CPU = Debug|Any CPU
		Release|Any CPU = Release|Any CPU
	EndGlobalSection
	GlobalSection(ProjectConfigurationPlatforms) = postSolution
		{EDF4BFB6-8137-4529-9DDB-F3E181DD685B}.Debug|Any CPU.ActiveCfg = Debug|Any CPU
		{EDF4BFB6-8137-4529-9DDB-F3E181DD685B}.Debug|Any CPU.Build.0 = Debug|Any CPU
		{EDF4BFB6-8137-4529-9DDB-F3E181DD685B}.Release|Any CPU.ActiveCfg = Release|Any CPU
		{EDF4BFB6-8137-4529-9DDB-F3E181DD685B}.Release|Any CPU.Build.0 = Release|Any CPU
	EndGlobalSection
	GlobalSection(SolutionProperties) = preSolution
		HideSolutionNode = FALSE
	EndGlobalSection
	GlobalSection(ExtensibilityGlobals) = postSolution
		SolutionGuid = {2EAB7EDC-43AF-4D1B-8E02-021C16BD4E74}
	EndGlobalSection
EndGlobal
