
Microsoft Visual Studio Solution File, Format Version 12.00
# Visual Studio Version 17
VisualStudioVersion = 17.11.35327.3
MinimumVisualStudioVersion = 10.0.40219.1
Project("{FAE04EC0-301F-11D3-BF4B-00C04F79EFBC}") = "MathFlashCard", "MathFlashCard\MathFlashCard.csproj", "{1265DB33-76AC-4BDE-A8AB-939B0E041D68}"
EndProject
Global
	GlobalSection(SolutionConfigurationPlatforms) = preSolution
		Debug|Any CPU = Debug|Any CPU
		Release|Any CPU = Release|Any CPU
	EndGlobalSection
	GlobalSection(ProjectConfigurationPlatforms) = postSolution
		{1265DB33-76AC-4BDE-A8AB-939B0E041D68}.Debug|Any CPU.ActiveCfg = Debug|Any CPU
		{1265DB33-76AC-4BDE-A8AB-939B0E041D68}.Debug|Any CPU.Build.0 = Debug|Any CPU
		{1265DB33-76AC-4BDE-A8AB-939B0E041D68}.Release|Any CPU.ActiveCfg = Release|Any CPU
		{1265DB33-76AC-4BDE-A8AB-939B0E041D68}.Release|Any CPU.Build.0 = Release|Any CPU
	EndGlobalSection
	GlobalSection(SolutionProperties) = preSolution
		HideSolutionNode = FALSE
	EndGlobalSection
	GlobalSection(ExtensibilityGlobals) = postSolution
		SolutionGuid = {2E473F8A-D043-4C92-A14F-6627620CE406}
	EndGlobalSection
EndGlobal
