
Microsoft Visual Studio Solution File, Format Version 12.00
# Visual Studio Version 17
VisualStudioVersion = 17.11.35327.3
MinimumVisualStudioVersion = 10.0.40219.1
Project("{FAE04EC0-301F-11D3-BF4B-00C04F79EFBC}") = "Guess The Number", "Guess The Number\Guess The Number.csproj", "{5FF0C3B1-0E49-43A4-82EF-91B58110BA0B}"
EndProject
Global
	GlobalSection(SolutionConfigurationPlatforms) = preSolution
		Debug|Any CPU = Debug|Any CPU
		Release|Any CPU = Release|Any CPU
	EndGlobalSection
	GlobalSection(ProjectConfigurationPlatforms) = postSolution
		{5FF0C3B1-0E49-43A4-82EF-91B58110BA0B}.Debug|Any CPU.ActiveCfg = Debug|Any CPU
		{5FF0C3B1-0E49-43A4-82EF-91B58110BA0B}.Debug|Any CPU.Build.0 = Debug|Any CPU
		{5FF0C3B1-0E49-43A4-82EF-91B58110BA0B}.Release|Any CPU.ActiveCfg = Release|Any CPU
		{5FF0C3B1-0E49-43A4-82EF-91B58110BA0B}.Release|Any CPU.Build.0 = Release|Any CPU
	EndGlobalSection
	GlobalSection(SolutionProperties) = preSolution
		HideSolutionNode = FALSE
	EndGlobalSection
	GlobalSection(ExtensibilityGlobals) = postSolution
		SolutionGuid = {DCAE282F-737B-43AC-979E-3335EFEB7BBD}
	EndGlobalSection
EndGlobal
